
Microsoft Visual Studio Solution File, Format Version 12.00
# Visual Studio 15
VisualStudioVersion = 15.0.26730.16
MinimumVisualStudioVersion = 10.0.40219.1
Project("{9A19103F-16F7-4668-BE54-9A1E7A4F7556}") = "VSPropertyPages", "source\VSPropertyPages\VSPropertyPages.csproj", "{65C0A3F3-DDE2-4347-A559-CC19E78C18E4}"
EndProject
Project("{9A19103F-16F7-4668-BE54-9A1E7A4F7556}") = "VSPropertyPages.Sample", "source\VSPropertyPages.Sample\VSPropertyPages.Sample.csproj", "{D28A8C95-9D7C-4DE9-A724-0DEDB9735D6E}"
EndProject
Global
	GlobalSection(SolutionConfigurationPlatforms) = preSolution
		Debug|Any CPU = Debug|Any CPU
		Release|Any CPU = Release|Any CPU
	EndGlobalSection
	GlobalSection(ProjectConfigurationPlatforms) = postSolution
		{65C0A3F3-DDE2-4347-A559-CC19E78C18E4}.Debug|Any CPU.ActiveCfg = Debug|Any CPU
		{65C0A3F3-DDE2-4347-A559-CC19E78C18E4}.Debug|Any CPU.Build.0 = Debug|Any CPU
		{65C0A3F3-DDE2-4347-A559-CC19E78C18E4}.Release|Any CPU.ActiveCfg = Release|Any CPU
		{65C0A3F3-DDE2-4347-A559-CC19E78C18E4}.Release|Any CPU.Build.0 = Release|Any CPU
		{D28A8C95-9D7C-4DE9-A724-0DEDB9735D6E}.Debug|Any CPU.ActiveCfg = Debug|Any CPU
		{D28A8C95-9D7C-4DE9-A724-0DEDB9735D6E}.Debug|Any CPU.Build.0 = Debug|Any CPU
		{D28A8C95-9D7C-4DE9-A724-0DEDB9735D6E}.Release|Any CPU.ActiveCfg = Release|Any CPU
		{D28A8C95-9D7C-4DE9-A724-0DEDB9735D6E}.Release|Any CPU.Build.0 = Release|Any CPU
	EndGlobalSection
	GlobalSection(SolutionProperties) = preSolution
		HideSolutionNode = FALSE
	EndGlobalSection
	GlobalSection(ExtensibilityGlobals) = postSolution
		SolutionGuid = {24A78F60-A7EE-48E9-8B13-829E105FC09A}
	EndGlobalSection
EndGlobal
