
Microsoft Visual Studio Solution File, Format Version 12.00
# Visual Studio Version 16
VisualStudioVersion = 16.0.29001.49
MinimumVisualStudioVersion = 10.0.40219.1
Project("{2150E333-8FDC-42A3-9474-1A3956D46DE8}") = "Solution Items", "Solution Items", "{4C741BBD-6209-4240-9B96-59A4547152B5}"
	ProjectSection(SolutionItems) = preProject
		.editorconfig = .editorconfig
		playground\Test.asm = playground\Test.asm
		playground\Test.xs = playground\Test.xs
		playground\TestG1.asm = playground\TestG1.asm
		source\XSharp\ToDo.txt = source\XSharp\ToDo.txt
	EndProjectSection
EndProject
Project("{9A19103F-16F7-4668-BE54-9A1E7A4F7556}") = "XSharp.VS", "source\ToSort\XSharp.VS\XSharp.VS.csproj", "{FB71E8EF-E229-4D81-984A-B9170D752BF9}"
EndProject
Project("{9A19103F-16F7-4668-BE54-9A1E7A4F7556}") = "XSC", "source\XSharp\XSC\XSC.csproj", "{A281A1B1-C718-4BCB-A7BE-ED840A70449A}"
EndProject
Project("{9A19103F-16F7-4668-BE54-9A1E7A4F7556}") = "XSharp", "source\XSharp\XSharp\XSharp.csproj", "{36415FE7-2BC3-4C79-B1E3-5CCDB7B7098B}"
EndProject
Project("{9A19103F-16F7-4668-BE54-9A1E7A4F7556}") = "XSharp.Compiler.Tasks", "source\XSharp\MSBuild\XSharp.Compiler.Tasks\XSharp.Compiler.Tasks.csproj", "{8D8DD4A6-C0A5-4298-856C-6D43DD7577EB}"
EndProject
Project("{9A19103F-16F7-4668-BE54-9A1E7A4F7556}") = "Spruce", "source\Spruce\Spruce.csproj", "{36DB4B64-2B1A-410C-BBBB-C31EBA1D4968}"
EndProject
Project("{2150E333-8FDC-42A3-9474-1A3956D46DE8}") = "Tests", "Tests", "{B402673F-8502-4632-8855-EB18B4C57D8E}"
EndProject
Project("{9A19103F-16F7-4668-BE54-9A1E7A4F7556}") = "XSharp.Tests", "tests\XSharp.Tests\XSharp.Tests.csproj", "{8AC538DE-494C-482D-9E2C-67F0FA5211F9}"
EndProject
Project("{9A19103F-16F7-4668-BE54-9A1E7A4F7556}") = "XSharp.ProjectSystem", "source\ToSort\XSharp.ProjectSystem\XSharp.ProjectSystem.csproj", "{E7F63CFE-3A8A-489C-B81D-73DD5D6FD9AF}"
EndProject
Project("{9A19103F-16F7-4668-BE54-9A1E7A4F7556}") = "XSharp.Launch", "source\ToSort\XSharp.Launch\XSharp.Launch.csproj", "{C54CC2E9-E881-4942-8771-3A08520B56D5}"
EndProject
Project("{9A19103F-16F7-4668-BE54-9A1E7A4F7556}") = "VSPropertyPages", "..\Common\source\VSPropertyPages\VSPropertyPages.csproj", "{C25A6DA7-EE98-4CEA-ACF7-B7CB71B2B73C}"
EndProject
Project("{9A19103F-16F7-4668-BE54-9A1E7A4F7556}") = "XSharp.Sdk", "source\ToSort\XSharp.Sdk\XSharp.Sdk.csproj", "{BCCEEC71-240B-4BE5-A72E-F613444AB4E4}"
EndProject
Project("{9A19103F-16F7-4668-BE54-9A1E7A4F7556}") = "XSharp.Launch.Tests", "tests\XSharp.Launch.Tests\XSharp.Launch.Tests.csproj", "{F970102E-D446-46E8-9E81-4CCF147B3625}"
EndProject
Project("{2150E333-8FDC-42A3-9474-1A3956D46DE8}") = "VS", "VS", "{4C44AACD-B33B-4DEC-AF16-4AC3B2C9711B}"
EndProject
Project("{9A19103F-16F7-4668-BE54-9A1E7A4F7556}") = "XSharp.Tools", "source\Tools\XSharp.Tools.csproj", "{80B82EC7-0CAD-46F5-A20E-F6E79830C9AE}"
EndProject
Global
	GlobalSection(SolutionConfigurationPlatforms) = preSolution
		Debug|Any CPU = Debug|Any CPU
		Debug-CI|Any CPU = Debug-CI|Any CPU
		Release|Any CPU = Release|Any CPU
		Release-CI|Any CPU = Release-CI|Any CPU
	EndGlobalSection
	GlobalSection(ProjectConfigurationPlatforms) = postSolution
		{FB71E8EF-E229-4D81-984A-B9170D752BF9}.Debug|Any CPU.ActiveCfg = Debug|Any CPU
		{FB71E8EF-E229-4D81-984A-B9170D752BF9}.Debug|Any CPU.Build.0 = Debug|Any CPU
		{FB71E8EF-E229-4D81-984A-B9170D752BF9}.Debug-CI|Any CPU.ActiveCfg = Debug|Any CPU
		{FB71E8EF-E229-4D81-984A-B9170D752BF9}.Debug-CI|Any CPU.Build.0 = Debug|Any CPU
		{FB71E8EF-E229-4D81-984A-B9170D752BF9}.Release|Any CPU.ActiveCfg = Release|Any CPU
		{FB71E8EF-E229-4D81-984A-B9170D752BF9}.Release|Any CPU.Build.0 = Release|Any CPU
		{FB71E8EF-E229-4D81-984A-B9170D752BF9}.Release-CI|Any CPU.ActiveCfg = Release|Any CPU
		{FB71E8EF-E229-4D81-984A-B9170D752BF9}.Release-CI|Any CPU.Build.0 = Release|Any CPU
		{A281A1B1-C718-4BCB-A7BE-ED840A70449A}.Debug|Any CPU.ActiveCfg = Debug|Any CPU
		{A281A1B1-C718-4BCB-A7BE-ED840A70449A}.Debug|Any CPU.Build.0 = Debug|Any CPU
		{A281A1B1-C718-4BCB-A7BE-ED840A70449A}.Debug-CI|Any CPU.ActiveCfg = Debug|Any CPU
		{A281A1B1-C718-4BCB-A7BE-ED840A70449A}.Debug-CI|Any CPU.Build.0 = Debug|Any CPU
		{A281A1B1-C718-4BCB-A7BE-ED840A70449A}.Release|Any CPU.ActiveCfg = Release|Any CPU
		{A281A1B1-C718-4BCB-A7BE-ED840A70449A}.Release|Any CPU.Build.0 = Release|Any CPU
		{A281A1B1-C718-4BCB-A7BE-ED840A70449A}.Release-CI|Any CPU.ActiveCfg = Release|Any CPU
		{A281A1B1-C718-4BCB-A7BE-ED840A70449A}.Release-CI|Any CPU.Build.0 = Release|Any CPU
		{36415FE7-2BC3-4C79-B1E3-5CCDB7B7098B}.Debug|Any CPU.ActiveCfg = Debug|Any CPU
		{36415FE7-2BC3-4C79-B1E3-5CCDB7B7098B}.Debug|Any CPU.Build.0 = Debug|Any CPU
		{36415FE7-2BC3-4C79-B1E3-5CCDB7B7098B}.Debug-CI|Any CPU.ActiveCfg = Debug|Any CPU
		{36415FE7-2BC3-4C79-B1E3-5CCDB7B7098B}.Debug-CI|Any CPU.Build.0 = Debug|Any CPU
		{36415FE7-2BC3-4C79-B1E3-5CCDB7B7098B}.Release|Any CPU.ActiveCfg = Release|Any CPU
		{36415FE7-2BC3-4C79-B1E3-5CCDB7B7098B}.Release|Any CPU.Build.0 = Release|Any CPU
		{36415FE7-2BC3-4C79-B1E3-5CCDB7B7098B}.Release-CI|Any CPU.ActiveCfg = Release|Any CPU
		{36415FE7-2BC3-4C79-B1E3-5CCDB7B7098B}.Release-CI|Any CPU.Build.0 = Release|Any CPU
		{8D8DD4A6-C0A5-4298-856C-6D43DD7577EB}.Debug|Any CPU.ActiveCfg = Debug|Any CPU
		{8D8DD4A6-C0A5-4298-856C-6D43DD7577EB}.Debug|Any CPU.Build.0 = Debug|Any CPU
		{8D8DD4A6-C0A5-4298-856C-6D43DD7577EB}.Debug-CI|Any CPU.ActiveCfg = Debug|Any CPU
		{8D8DD4A6-C0A5-4298-856C-6D43DD7577EB}.Debug-CI|Any CPU.Build.0 = Debug|Any CPU
		{8D8DD4A6-C0A5-4298-856C-6D43DD7577EB}.Release|Any CPU.ActiveCfg = Release|Any CPU
		{8D8DD4A6-C0A5-4298-856C-6D43DD7577EB}.Release|Any CPU.Build.0 = Release|Any CPU
		{8D8DD4A6-C0A5-4298-856C-6D43DD7577EB}.Release-CI|Any CPU.ActiveCfg = Release|Any CPU
		{8D8DD4A6-C0A5-4298-856C-6D43DD7577EB}.Release-CI|Any CPU.Build.0 = Release|Any CPU
		{36DB4B64-2B1A-410C-BBBB-C31EBA1D4968}.Debug|Any CPU.ActiveCfg = Debug|Any CPU
		{36DB4B64-2B1A-410C-BBBB-C31EBA1D4968}.Debug|Any CPU.Build.0 = Debug|Any CPU
		{36DB4B64-2B1A-410C-BBBB-C31EBA1D4968}.Debug-CI|Any CPU.ActiveCfg = Debug|Any CPU
		{36DB4B64-2B1A-410C-BBBB-C31EBA1D4968}.Debug-CI|Any CPU.Build.0 = Debug|Any CPU
		{36DB4B64-2B1A-410C-BBBB-C31EBA1D4968}.Release|Any CPU.ActiveCfg = Release|Any CPU
		{36DB4B64-2B1A-410C-BBBB-C31EBA1D4968}.Release|Any CPU.Build.0 = Release|Any CPU
		{36DB4B64-2B1A-410C-BBBB-C31EBA1D4968}.Release-CI|Any CPU.ActiveCfg = Release|Any CPU
		{36DB4B64-2B1A-410C-BBBB-C31EBA1D4968}.Release-CI|Any CPU.Build.0 = Release|Any CPU
		{8AC538DE-494C-482D-9E2C-67F0FA5211F9}.Debug|Any CPU.ActiveCfg = Debug|Any CPU
		{8AC538DE-494C-482D-9E2C-67F0FA5211F9}.Debug|Any CPU.Build.0 = Debug|Any CPU
		{8AC538DE-494C-482D-9E2C-67F0FA5211F9}.Debug-CI|Any CPU.ActiveCfg = Debug|Any CPU
		{8AC538DE-494C-482D-9E2C-67F0FA5211F9}.Debug-CI|Any CPU.Build.0 = Debug|Any CPU
		{8AC538DE-494C-482D-9E2C-67F0FA5211F9}.Release|Any CPU.ActiveCfg = Release|Any CPU
		{8AC538DE-494C-482D-9E2C-67F0FA5211F9}.Release|Any CPU.Build.0 = Release|Any CPU
		{8AC538DE-494C-482D-9E2C-67F0FA5211F9}.Release-CI|Any CPU.ActiveCfg = Release|Any CPU
		{8AC538DE-494C-482D-9E2C-67F0FA5211F9}.Release-CI|Any CPU.Build.0 = Release|Any CPU
		{E7F63CFE-3A8A-489C-B81D-73DD5D6FD9AF}.Debug|Any CPU.ActiveCfg = Debug|Any CPU
		{E7F63CFE-3A8A-489C-B81D-73DD5D6FD9AF}.Debug|Any CPU.Build.0 = Debug|Any CPU
		{E7F63CFE-3A8A-489C-B81D-73DD5D6FD9AF}.Debug-CI|Any CPU.ActiveCfg = Debug|Any CPU
		{E7F63CFE-3A8A-489C-B81D-73DD5D6FD9AF}.Debug-CI|Any CPU.Build.0 = Debug|Any CPU
		{E7F63CFE-3A8A-489C-B81D-73DD5D6FD9AF}.Release|Any CPU.ActiveCfg = Release|Any CPU
		{E7F63CFE-3A8A-489C-B81D-73DD5D6FD9AF}.Release|Any CPU.Build.0 = Release|Any CPU
		{E7F63CFE-3A8A-489C-B81D-73DD5D6FD9AF}.Release-CI|Any CPU.ActiveCfg = Release|Any CPU
		{E7F63CFE-3A8A-489C-B81D-73DD5D6FD9AF}.Release-CI|Any CPU.Build.0 = Release|Any CPU
		{C54CC2E9-E881-4942-8771-3A08520B56D5}.Debug|Any CPU.ActiveCfg = Debug|Any CPU
		{C54CC2E9-E881-4942-8771-3A08520B56D5}.Debug|Any CPU.Build.0 = Debug|Any CPU
		{C54CC2E9-E881-4942-8771-3A08520B56D5}.Debug-CI|Any CPU.ActiveCfg = Debug|Any CPU
		{C54CC2E9-E881-4942-8771-3A08520B56D5}.Debug-CI|Any CPU.Build.0 = Debug|Any CPU
		{C54CC2E9-E881-4942-8771-3A08520B56D5}.Release|Any CPU.ActiveCfg = Release|Any CPU
		{C54CC2E9-E881-4942-8771-3A08520B56D5}.Release|Any CPU.Build.0 = Release|Any CPU
		{C54CC2E9-E881-4942-8771-3A08520B56D5}.Release-CI|Any CPU.ActiveCfg = Release|Any CPU
		{C54CC2E9-E881-4942-8771-3A08520B56D5}.Release-CI|Any CPU.Build.0 = Release|Any CPU
		{C25A6DA7-EE98-4CEA-ACF7-B7CB71B2B73C}.Debug|Any CPU.ActiveCfg = Debug|Any CPU
		{C25A6DA7-EE98-4CEA-ACF7-B7CB71B2B73C}.Debug|Any CPU.Build.0 = Debug|Any CPU
		{C25A6DA7-EE98-4CEA-ACF7-B7CB71B2B73C}.Debug-CI|Any CPU.ActiveCfg = Debug|Any CPU
		{C25A6DA7-EE98-4CEA-ACF7-B7CB71B2B73C}.Release|Any CPU.ActiveCfg = Release|Any CPU
		{C25A6DA7-EE98-4CEA-ACF7-B7CB71B2B73C}.Release|Any CPU.Build.0 = Release|Any CPU
		{C25A6DA7-EE98-4CEA-ACF7-B7CB71B2B73C}.Release-CI|Any CPU.ActiveCfg = Release|Any CPU
		{BCCEEC71-240B-4BE5-A72E-F613444AB4E4}.Debug|Any CPU.ActiveCfg = Debug|Any CPU
		{BCCEEC71-240B-4BE5-A72E-F613444AB4E4}.Debug|Any CPU.Build.0 = Debug|Any CPU
		{BCCEEC71-240B-4BE5-A72E-F613444AB4E4}.Debug-CI|Any CPU.ActiveCfg = Debug|Any CPU
		{BCCEEC71-240B-4BE5-A72E-F613444AB4E4}.Debug-CI|Any CPU.Build.0 = Debug|Any CPU
		{BCCEEC71-240B-4BE5-A72E-F613444AB4E4}.Release|Any CPU.ActiveCfg = Release|Any CPU
		{BCCEEC71-240B-4BE5-A72E-F613444AB4E4}.Release|Any CPU.Build.0 = Release|Any CPU
		{BCCEEC71-240B-4BE5-A72E-F613444AB4E4}.Release-CI|Any CPU.ActiveCfg = Release|Any CPU
		{BCCEEC71-240B-4BE5-A72E-F613444AB4E4}.Release-CI|Any CPU.Build.0 = Release|Any CPU
		{F970102E-D446-46E8-9E81-4CCF147B3625}.Debug|Any CPU.ActiveCfg = Debug|Any CPU
		{F970102E-D446-46E8-9E81-4CCF147B3625}.Debug|Any CPU.Build.0 = Debug|Any CPU
		{F970102E-D446-46E8-9E81-4CCF147B3625}.Debug-CI|Any CPU.ActiveCfg = Debug|Any CPU
		{F970102E-D446-46E8-9E81-4CCF147B3625}.Debug-CI|Any CPU.Build.0 = Debug|Any CPU
		{F970102E-D446-46E8-9E81-4CCF147B3625}.Release|Any CPU.ActiveCfg = Release|Any CPU
		{F970102E-D446-46E8-9E81-4CCF147B3625}.Release|Any CPU.Build.0 = Release|Any CPU
		{F970102E-D446-46E8-9E81-4CCF147B3625}.Release-CI|Any CPU.ActiveCfg = Release|Any CPU
		{F970102E-D446-46E8-9E81-4CCF147B3625}.Release-CI|Any CPU.Build.0 = Release|Any CPU
		{80B82EC7-0CAD-46F5-A20E-F6E79830C9AE}.Debug|Any CPU.ActiveCfg = Debug|Any CPU
		{80B82EC7-0CAD-46F5-A20E-F6E79830C9AE}.Debug|Any CPU.Build.0 = Debug|Any CPU
		{80B82EC7-0CAD-46F5-A20E-F6E79830C9AE}.Debug-CI|Any CPU.ActiveCfg = Debug|Any CPU
		{80B82EC7-0CAD-46F5-A20E-F6E79830C9AE}.Debug-CI|Any CPU.Build.0 = Debug|Any CPU
		{80B82EC7-0CAD-46F5-A20E-F6E79830C9AE}.Release|Any CPU.ActiveCfg = Release|Any CPU
		{80B82EC7-0CAD-46F5-A20E-F6E79830C9AE}.Release|Any CPU.Build.0 = Release|Any CPU
		{80B82EC7-0CAD-46F5-A20E-F6E79830C9AE}.Release-CI|Any CPU.ActiveCfg = Release|Any CPU
		{80B82EC7-0CAD-46F5-A20E-F6E79830C9AE}.Release-CI|Any CPU.Build.0 = Release|Any CPU
	EndGlobalSection
	GlobalSection(SolutionProperties) = preSolution
		HideSolutionNode = FALSE
	EndGlobalSection
	GlobalSection(NestedProjects) = preSolution
		{FB71E8EF-E229-4D81-984A-B9170D752BF9} = {4C44AACD-B33B-4DEC-AF16-4AC3B2C9711B}
		{8AC538DE-494C-482D-9E2C-67F0FA5211F9} = {B402673F-8502-4632-8855-EB18B4C57D8E}
		{E7F63CFE-3A8A-489C-B81D-73DD5D6FD9AF} = {4C44AACD-B33B-4DEC-AF16-4AC3B2C9711B}
		{C25A6DA7-EE98-4CEA-ACF7-B7CB71B2B73C} = {4C44AACD-B33B-4DEC-AF16-4AC3B2C9711B}
		{F970102E-D446-46E8-9E81-4CCF147B3625} = {B402673F-8502-4632-8855-EB18B4C57D8E}
	EndGlobalSection
	GlobalSection(ExtensibilityGlobals) = postSolution
		SolutionGuid = {38755867-AF61-45AC-AE52-521402F19E80}
	EndGlobalSection
EndGlobal
