
Microsoft Visual Studio Solution File, Format Version 12.00
# Visual Studio Version 16
VisualStudioVersion = 16.0.28922.388
MinimumVisualStudioVersion = 10.0.40219.1
Project("{2150E333-8FDC-42A3-9474-1A3956D46DE8}") = "Solution Items", "Solution Items", "{4C741BBD-6209-4240-9B96-59A4547152B5}"
	ProjectSection(SolutionItems) = preProject
		.editorconfig = .editorconfig
		playground\Test.asm = playground\Test.asm
		playground\Test.xs = playground\Test.xs
		playground\TestG1.asm = playground\TestG1.asm
		source\XSharp\ToDo.txt = source\XSharp\ToDo.txt
	EndProjectSection
EndProject
Project("{9A19103F-16F7-4668-BE54-9A1E7A4F7556}") = "Spruce", "source\Spruce\Spruce.csproj", "{36DB4B64-2B1A-410C-BBBB-C31EBA1D4968}"
EndProject
Project("{2150E333-8FDC-42A3-9474-1A3956D46DE8}") = "Tests", "Tests", "{B402673F-8502-4632-8855-EB18B4C57D8E}"
EndProject
Project("{9A19103F-16F7-4668-BE54-9A1E7A4F7556}") = "XSharp.Tests", "tests\XSharp.Tests\XSharp.Tests.csproj", "{8AC538DE-494C-482D-9E2C-67F0FA5211F9}"
EndProject
Project("{9A19103F-16F7-4668-BE54-9A1E7A4F7556}") = "VSPropertyPages", "..\Common\source\VSPropertyPages\VSPropertyPages.csproj", "{C25A6DA7-EE98-4CEA-ACF7-B7CB71B2B73C}"
EndProject
Project("{9A19103F-16F7-4668-BE54-9A1E7A4F7556}") = "XSharp.Launch.Tests", "tests\XSharp.Launch.Tests\XSharp.Launch.Tests.csproj", "{F970102E-D446-46E8-9E81-4CCF147B3625}"
EndProject
Project("{2150E333-8FDC-42A3-9474-1A3956D46DE8}") = "VS", "VS", "{4C44AACD-B33B-4DEC-AF16-4AC3B2C9711B}"
EndProject
Project("{9A19103F-16F7-4668-BE54-9A1E7A4F7556}") = "XSharp.VS", "source\ToSort\XSharp.VS\XSharp.VS.csproj", "{8C033EFE-0B65-4309-9DA3-3F9C35FC9823}"
EndProject
Project("{9A19103F-16F7-4668-BE54-9A1E7A4F7556}") = "XSharp.ProjectSystem", "source\ToSort\XSharp.ProjectSystem\XSharp.ProjectSystem.csproj", "{149001EF-3043-4969-8FF2-1510839775C2}"
EndProject
Project("{9A19103F-16F7-4668-BE54-9A1E7A4F7556}") = "XSharp", "source\XSharp\XSharp\XSharp.csproj", "{9539DE0A-F6D2-4EDA-9FE3-4CEFCCC6CFA5}"
EndProject
Project("{9A19103F-16F7-4668-BE54-9A1E7A4F7556}") = "XSharp.Compiler.Tasks", "source\XSharp\MSBuild\XSharp.Compiler.Tasks\XSharp.Compiler.Tasks.csproj", "{8411B5BB-BFD6-4B1C-A83B-735A290FDE31}"
EndProject
Project("{9A19103F-16F7-4668-BE54-9A1E7A4F7556}") = "XSharp.Launch", "source\ToSort\XSharp.Launch\XSharp.Launch.csproj", "{F7AF984C-5F5F-46AD-AD56-41F3C2EB31BB}"
EndProject
Project("{9A19103F-16F7-4668-BE54-9A1E7A4F7556}") = "XSharp.Sdk", "source\ToSort\XSharp.Sdk\XSharp.Sdk.csproj", "{50A61920-5BA7-42BB-93B7-6EE5AAB65624}"
EndProject
Global
	GlobalSection(SolutionConfigurationPlatforms) = preSolution
		Debug|Any CPU = Debug|Any CPU
		Debug-CI|Any CPU = Debug-CI|Any CPU
		Release|Any CPU = Release|Any CPU
		Release-CI|Any CPU = Release-CI|Any CPU
	EndGlobalSection
	GlobalSection(ProjectConfigurationPlatforms) = postSolution
		{36DB4B64-2B1A-410C-BBBB-C31EBA1D4968}.Debug|Any CPU.ActiveCfg = Debug|Any CPU
		{36DB4B64-2B1A-410C-BBBB-C31EBA1D4968}.Debug|Any CPU.Build.0 = Debug|Any CPU
		{36DB4B64-2B1A-410C-BBBB-C31EBA1D4968}.Debug-CI|Any CPU.ActiveCfg = Debug|Any CPU
		{36DB4B64-2B1A-410C-BBBB-C31EBA1D4968}.Debug-CI|Any CPU.Build.0 = Debug|Any CPU
		{36DB4B64-2B1A-410C-BBBB-C31EBA1D4968}.Release|Any CPU.ActiveCfg = Release|Any CPU
		{36DB4B64-2B1A-410C-BBBB-C31EBA1D4968}.Release|Any CPU.Build.0 = Release|Any CPU
		{36DB4B64-2B1A-410C-BBBB-C31EBA1D4968}.Release-CI|Any CPU.ActiveCfg = Release|Any CPU
		{36DB4B64-2B1A-410C-BBBB-C31EBA1D4968}.Release-CI|Any CPU.Build.0 = Release|Any CPU
		{8AC538DE-494C-482D-9E2C-67F0FA5211F9}.Debug|Any CPU.ActiveCfg = Debug|Any CPU
		{8AC538DE-494C-482D-9E2C-67F0FA5211F9}.Debug|Any CPU.Build.0 = Debug|Any CPU
		{8AC538DE-494C-482D-9E2C-67F0FA5211F9}.Debug-CI|Any CPU.ActiveCfg = Debug|Any CPU
		{8AC538DE-494C-482D-9E2C-67F0FA5211F9}.Debug-CI|Any CPU.Build.0 = Debug|Any CPU
		{8AC538DE-494C-482D-9E2C-67F0FA5211F9}.Release|Any CPU.ActiveCfg = Release|Any CPU
		{8AC538DE-494C-482D-9E2C-67F0FA5211F9}.Release|Any CPU.Build.0 = Release|Any CPU
		{8AC538DE-494C-482D-9E2C-67F0FA5211F9}.Release-CI|Any CPU.ActiveCfg = Release|Any CPU
		{8AC538DE-494C-482D-9E2C-67F0FA5211F9}.Release-CI|Any CPU.Build.0 = Release|Any CPU
		{C25A6DA7-EE98-4CEA-ACF7-B7CB71B2B73C}.Debug|Any CPU.ActiveCfg = Debug|Any CPU
		{C25A6DA7-EE98-4CEA-ACF7-B7CB71B2B73C}.Debug|Any CPU.Build.0 = Debug|Any CPU
		{C25A6DA7-EE98-4CEA-ACF7-B7CB71B2B73C}.Debug-CI|Any CPU.ActiveCfg = Debug|Any CPU
		{C25A6DA7-EE98-4CEA-ACF7-B7CB71B2B73C}.Release|Any CPU.ActiveCfg = Release|Any CPU
		{C25A6DA7-EE98-4CEA-ACF7-B7CB71B2B73C}.Release|Any CPU.Build.0 = Release|Any CPU
		{C25A6DA7-EE98-4CEA-ACF7-B7CB71B2B73C}.Release-CI|Any CPU.ActiveCfg = Release|Any CPU
		{F970102E-D446-46E8-9E81-4CCF147B3625}.Debug|Any CPU.ActiveCfg = Debug|Any CPU
		{F970102E-D446-46E8-9E81-4CCF147B3625}.Debug|Any CPU.Build.0 = Debug|Any CPU
		{F970102E-D446-46E8-9E81-4CCF147B3625}.Debug-CI|Any CPU.ActiveCfg = Debug|Any CPU
		{F970102E-D446-46E8-9E81-4CCF147B3625}.Debug-CI|Any CPU.Build.0 = Debug|Any CPU
		{F970102E-D446-46E8-9E81-4CCF147B3625}.Release|Any CPU.ActiveCfg = Release|Any CPU
		{F970102E-D446-46E8-9E81-4CCF147B3625}.Release|Any CPU.Build.0 = Release|Any CPU
		{F970102E-D446-46E8-9E81-4CCF147B3625}.Release-CI|Any CPU.ActiveCfg = Release|Any CPU
		{F970102E-D446-46E8-9E81-4CCF147B3625}.Release-CI|Any CPU.Build.0 = Release|Any CPU
		{8C033EFE-0B65-4309-9DA3-3F9C35FC9823}.Debug|Any CPU.ActiveCfg = Debug|Any CPU
		{8C033EFE-0B65-4309-9DA3-3F9C35FC9823}.Debug|Any CPU.Build.0 = Debug|Any CPU
		{8C033EFE-0B65-4309-9DA3-3F9C35FC9823}.Debug-CI|Any CPU.ActiveCfg = Debug|Any CPU
		{8C033EFE-0B65-4309-9DA3-3F9C35FC9823}.Debug-CI|Any CPU.Build.0 = Debug|Any CPU
		{8C033EFE-0B65-4309-9DA3-3F9C35FC9823}.Release|Any CPU.ActiveCfg = Release|Any CPU
		{8C033EFE-0B65-4309-9DA3-3F9C35FC9823}.Release|Any CPU.Build.0 = Release|Any CPU
		{8C033EFE-0B65-4309-9DA3-3F9C35FC9823}.Release-CI|Any CPU.ActiveCfg = Release|Any CPU
		{8C033EFE-0B65-4309-9DA3-3F9C35FC9823}.Release-CI|Any CPU.Build.0 = Release|Any CPU
		{149001EF-3043-4969-8FF2-1510839775C2}.Debug|Any CPU.ActiveCfg = Debug|Any CPU
		{149001EF-3043-4969-8FF2-1510839775C2}.Debug|Any CPU.Build.0 = Debug|Any CPU
		{149001EF-3043-4969-8FF2-1510839775C2}.Debug-CI|Any CPU.ActiveCfg = Debug|Any CPU
		{149001EF-3043-4969-8FF2-1510839775C2}.Debug-CI|Any CPU.Build.0 = Debug|Any CPU
		{149001EF-3043-4969-8FF2-1510839775C2}.Release|Any CPU.ActiveCfg = Release|Any CPU
		{149001EF-3043-4969-8FF2-1510839775C2}.Release|Any CPU.Build.0 = Release|Any CPU
		{149001EF-3043-4969-8FF2-1510839775C2}.Release-CI|Any CPU.ActiveCfg = Release|Any CPU
		{149001EF-3043-4969-8FF2-1510839775C2}.Release-CI|Any CPU.Build.0 = Release|Any CPU
		{9539DE0A-F6D2-4EDA-9FE3-4CEFCCC6CFA5}.Debug|Any CPU.ActiveCfg = Debug|Any CPU
		{9539DE0A-F6D2-4EDA-9FE3-4CEFCCC6CFA5}.Debug|Any CPU.Build.0 = Debug|Any CPU
		{9539DE0A-F6D2-4EDA-9FE3-4CEFCCC6CFA5}.Debug-CI|Any CPU.ActiveCfg = Debug|Any CPU
		{9539DE0A-F6D2-4EDA-9FE3-4CEFCCC6CFA5}.Debug-CI|Any CPU.Build.0 = Debug|Any CPU
		{9539DE0A-F6D2-4EDA-9FE3-4CEFCCC6CFA5}.Release|Any CPU.ActiveCfg = Release|Any CPU
		{9539DE0A-F6D2-4EDA-9FE3-4CEFCCC6CFA5}.Release|Any CPU.Build.0 = Release|Any CPU
		{9539DE0A-F6D2-4EDA-9FE3-4CEFCCC6CFA5}.Release-CI|Any CPU.ActiveCfg = Release|Any CPU
		{9539DE0A-F6D2-4EDA-9FE3-4CEFCCC6CFA5}.Release-CI|Any CPU.Build.0 = Release|Any CPU
		{8411B5BB-BFD6-4B1C-A83B-735A290FDE31}.Debug|Any CPU.ActiveCfg = Debug|Any CPU
		{8411B5BB-BFD6-4B1C-A83B-735A290FDE31}.Debug|Any CPU.Build.0 = Debug|Any CPU
		{8411B5BB-BFD6-4B1C-A83B-735A290FDE31}.Debug-CI|Any CPU.ActiveCfg = Debug|Any CPU
		{8411B5BB-BFD6-4B1C-A83B-735A290FDE31}.Debug-CI|Any CPU.Build.0 = Debug|Any CPU
		{8411B5BB-BFD6-4B1C-A83B-735A290FDE31}.Release|Any CPU.ActiveCfg = Release|Any CPU
		{8411B5BB-BFD6-4B1C-A83B-735A290FDE31}.Release|Any CPU.Build.0 = Release|Any CPU
		{8411B5BB-BFD6-4B1C-A83B-735A290FDE31}.Release-CI|Any CPU.ActiveCfg = Release|Any CPU
		{8411B5BB-BFD6-4B1C-A83B-735A290FDE31}.Release-CI|Any CPU.Build.0 = Release|Any CPU
		{F7AF984C-5F5F-46AD-AD56-41F3C2EB31BB}.Debug|Any CPU.ActiveCfg = Debug|Any CPU
		{F7AF984C-5F5F-46AD-AD56-41F3C2EB31BB}.Debug|Any CPU.Build.0 = Debug|Any CPU
		{F7AF984C-5F5F-46AD-AD56-41F3C2EB31BB}.Debug-CI|Any CPU.ActiveCfg = Debug|Any CPU
		{F7AF984C-5F5F-46AD-AD56-41F3C2EB31BB}.Debug-CI|Any CPU.Build.0 = Debug|Any CPU
		{F7AF984C-5F5F-46AD-AD56-41F3C2EB31BB}.Release|Any CPU.ActiveCfg = Release|Any CPU
		{F7AF984C-5F5F-46AD-AD56-41F3C2EB31BB}.Release|Any CPU.Build.0 = Release|Any CPU
		{F7AF984C-5F5F-46AD-AD56-41F3C2EB31BB}.Release-CI|Any CPU.ActiveCfg = Release|Any CPU
		{F7AF984C-5F5F-46AD-AD56-41F3C2EB31BB}.Release-CI|Any CPU.Build.0 = Release|Any CPU
		{50A61920-5BA7-42BB-93B7-6EE5AAB65624}.Debug|Any CPU.ActiveCfg = Debug|Any CPU
		{50A61920-5BA7-42BB-93B7-6EE5AAB65624}.Debug|Any CPU.Build.0 = Debug|Any CPU
		{50A61920-5BA7-42BB-93B7-6EE5AAB65624}.Debug-CI|Any CPU.ActiveCfg = Debug|Any CPU
		{50A61920-5BA7-42BB-93B7-6EE5AAB65624}.Debug-CI|Any CPU.Build.0 = Debug|Any CPU
		{50A61920-5BA7-42BB-93B7-6EE5AAB65624}.Release|Any CPU.ActiveCfg = Release|Any CPU
		{50A61920-5BA7-42BB-93B7-6EE5AAB65624}.Release|Any CPU.Build.0 = Release|Any CPU
		{50A61920-5BA7-42BB-93B7-6EE5AAB65624}.Release-CI|Any CPU.ActiveCfg = Release|Any CPU
		{50A61920-5BA7-42BB-93B7-6EE5AAB65624}.Release-CI|Any CPU.Build.0 = Release|Any CPU
	EndGlobalSection
	GlobalSection(SolutionProperties) = preSolution
		HideSolutionNode = FALSE
	EndGlobalSection
	GlobalSection(NestedProjects) = preSolution
		{8AC538DE-494C-482D-9E2C-67F0FA5211F9} = {B402673F-8502-4632-8855-EB18B4C57D8E}
		{C25A6DA7-EE98-4CEA-ACF7-B7CB71B2B73C} = {4C44AACD-B33B-4DEC-AF16-4AC3B2C9711B}
		{F970102E-D446-46E8-9E81-4CCF147B3625} = {B402673F-8502-4632-8855-EB18B4C57D8E}
		{8C033EFE-0B65-4309-9DA3-3F9C35FC9823} = {4C44AACD-B33B-4DEC-AF16-4AC3B2C9711B}
		{149001EF-3043-4969-8FF2-1510839775C2} = {4C44AACD-B33B-4DEC-AF16-4AC3B2C9711B}
	EndGlobalSection
	GlobalSection(ExtensibilityGlobals) = postSolution
		SolutionGuid = {38755867-AF61-45AC-AE52-521402F19E80}
	EndGlobalSection
EndGlobal
