
Microsoft Visual Studio Solution File, Format Version 12.00
# Visual Studio 15
VisualStudioVersion = 15.0.27004.2009
MinimumVisualStudioVersion = 10.0.40219.1
Project("{2150E333-8FDC-42A3-9474-1A3956D46DE8}") = "Solution Items", "Solution Items", "{4C741BBD-6209-4240-9B96-59A4547152B5}"
	ProjectSection(SolutionItems) = preProject
		.editorconfig = .editorconfig
		source\Directory.Build.props = source\Directory.Build.props
		source\Directory.Build.targets = source\Directory.Build.targets
		playground\Test.asm = playground\Test.asm
		playground\Test.xs = playground\Test.xs
		playground\TestG1.asm = playground\TestG1.asm
		source\XSharp\ToDo.txt = source\XSharp\ToDo.txt
	EndProjectSection
EndProject
Project("{9A19103F-16F7-4668-BE54-9A1E7A4F7556}") = "XSharp.VS", "source\XSharp.VS\XSharp.VS.csproj", "{FB71E8EF-E229-4D81-984A-B9170D752BF9}"
EndProject
Project("{9A19103F-16F7-4668-BE54-9A1E7A4F7556}") = "XSharp.Compiler", "source\XSharp.Compiler\XSharp.Compiler.csproj", "{A281A1B1-C718-4BCB-A7BE-ED840A70449A}"
EndProject
Project("{9A19103F-16F7-4668-BE54-9A1E7A4F7556}") = "XSharp.Assembler", "source\XSharp.Assembler\XSharp.Assembler.csproj", "{20D2CE7B-FDCC-4BA5-B160-62581D90B4F4}"
EndProject
Project("{9A19103F-16F7-4668-BE54-9A1E7A4F7556}") = "XSharp", "source\XSharp\XSharp.csproj", "{36415FE7-2BC3-4C79-B1E3-5CCDB7B7098B}"
EndProject
Project("{9A19103F-16F7-4668-BE54-9A1E7A4F7556}") = "XSharp.Build", "source\XSharp.Build\XSharp.Build.csproj", "{833A0408-BD7C-4409-BCFE-78B3D211C98F}"
EndProject
Project("{9A19103F-16F7-4668-BE54-9A1E7A4F7556}") = "XSharp.Compiler.Tasks", "source\XSharp.Compiler.Tasks\XSharp.Compiler.Tasks.csproj", "{8D8DD4A6-C0A5-4298-856C-6D43DD7577EB}"
EndProject
Project("{9A19103F-16F7-4668-BE54-9A1E7A4F7556}") = "Spruce", "source\Spruce\Spruce.csproj", "{36DB4B64-2B1A-410C-BBBB-C31EBA1D4968}"
EndProject
Project("{9A19103F-16F7-4668-BE54-9A1E7A4F7556}") = "XSharp.x86", "source\XSharp.x86\XSharp.x86.csproj", "{4AB4A688-8324-4A8D-ABB9-CCC27298FA31}"
EndProject
Project("{2150E333-8FDC-42A3-9474-1A3956D46DE8}") = "Tests", "Tests", "{B402673F-8502-4632-8855-EB18B4C57D8E}"
EndProject
Project("{9A19103F-16F7-4668-BE54-9A1E7A4F7556}") = "XSharp.Tests", "tests\XSharp.Tests\XSharp.Tests.csproj", "{8AC538DE-494C-482D-9E2C-67F0FA5211F9}"
EndProject
Project("{FAE04EC0-301F-11D3-BF4B-00C04F79EFBC}") = "SpruceDebugger", "source\SpruceDebugger\SpruceDebugger.csproj", "{5BB60B0B-2571-4C8F-AC06-4A22C3BC2CDE}"
EndProject
Project("{9A19103F-16F7-4668-BE54-9A1E7A4F7556}") = "XSharp.ProjectSystem", "source\XSharp.ProjectSystem\XSharp.ProjectSystem.csproj", "{E7F63CFE-3A8A-489C-B81D-73DD5D6FD9AF}"
EndProject
Project("{9A19103F-16F7-4668-BE54-9A1E7A4F7556}") = "XSharp.Launch", "source\XSharp.Launch\XSharp.Launch.csproj", "{C54CC2E9-E881-4942-8771-3A08520B56D5}"
EndProject
Project("{9A19103F-16F7-4668-BE54-9A1E7A4F7556}") = "VSPropertyPages", "source\VSPropertyPages\VSPropertyPages.csproj", "{C25A6DA7-EE98-4CEA-ACF7-B7CB71B2B73C}"
EndProject
Project("{9A19103F-16F7-4668-BE54-9A1E7A4F7556}") = "XSharp.Sdk", "source\XSharp.Sdk\XSharp.Sdk.csproj", "{BCCEEC71-240B-4BE5-A72E-F613444AB4E4}"
EndProject
Project("{9A19103F-16F7-4668-BE54-9A1E7A4F7556}") = "XSharp.Launch.Tests", "tests\XSharp.Launch.Tests\XSharp.Launch.Tests.csproj", "{F970102E-D446-46E8-9E81-4CCF147B3625}"
EndProject
Global
	GlobalSection(SolutionConfigurationPlatforms) = preSolution
		Debug|Any CPU = Debug|Any CPU
		Release|Any CPU = Release|Any CPU
	EndGlobalSection
	GlobalSection(ProjectConfigurationPlatforms) = postSolution
		{FB71E8EF-E229-4D81-984A-B9170D752BF9}.Debug|Any CPU.ActiveCfg = Debug|Any CPU
		{FB71E8EF-E229-4D81-984A-B9170D752BF9}.Debug|Any CPU.Build.0 = Debug|Any CPU
		{FB71E8EF-E229-4D81-984A-B9170D752BF9}.Release|Any CPU.ActiveCfg = Release|Any CPU
		{FB71E8EF-E229-4D81-984A-B9170D752BF9}.Release|Any CPU.Build.0 = Release|Any CPU
		{A281A1B1-C718-4BCB-A7BE-ED840A70449A}.Debug|Any CPU.ActiveCfg = Debug|Any CPU
		{A281A1B1-C718-4BCB-A7BE-ED840A70449A}.Debug|Any CPU.Build.0 = Debug|Any CPU
		{A281A1B1-C718-4BCB-A7BE-ED840A70449A}.Release|Any CPU.ActiveCfg = Release|Any CPU
		{A281A1B1-C718-4BCB-A7BE-ED840A70449A}.Release|Any CPU.Build.0 = Release|Any CPU
		{20D2CE7B-FDCC-4BA5-B160-62581D90B4F4}.Debug|Any CPU.ActiveCfg = Debug|Any CPU
		{20D2CE7B-FDCC-4BA5-B160-62581D90B4F4}.Debug|Any CPU.Build.0 = Debug|Any CPU
		{20D2CE7B-FDCC-4BA5-B160-62581D90B4F4}.Release|Any CPU.ActiveCfg = Release|Any CPU
		{20D2CE7B-FDCC-4BA5-B160-62581D90B4F4}.Release|Any CPU.Build.0 = Release|Any CPU
		{36415FE7-2BC3-4C79-B1E3-5CCDB7B7098B}.Debug|Any CPU.ActiveCfg = Debug|Any CPU
		{36415FE7-2BC3-4C79-B1E3-5CCDB7B7098B}.Debug|Any CPU.Build.0 = Debug|Any CPU
		{36415FE7-2BC3-4C79-B1E3-5CCDB7B7098B}.Release|Any CPU.ActiveCfg = Release|Any CPU
		{36415FE7-2BC3-4C79-B1E3-5CCDB7B7098B}.Release|Any CPU.Build.0 = Release|Any CPU
		{833A0408-BD7C-4409-BCFE-78B3D211C98F}.Debug|Any CPU.ActiveCfg = Debug|Any CPU
		{833A0408-BD7C-4409-BCFE-78B3D211C98F}.Debug|Any CPU.Build.0 = Debug|Any CPU
		{833A0408-BD7C-4409-BCFE-78B3D211C98F}.Release|Any CPU.ActiveCfg = Release|Any CPU
		{833A0408-BD7C-4409-BCFE-78B3D211C98F}.Release|Any CPU.Build.0 = Release|Any CPU
		{8D8DD4A6-C0A5-4298-856C-6D43DD7577EB}.Debug|Any CPU.ActiveCfg = Debug|Any CPU
		{8D8DD4A6-C0A5-4298-856C-6D43DD7577EB}.Debug|Any CPU.Build.0 = Debug|Any CPU
		{8D8DD4A6-C0A5-4298-856C-6D43DD7577EB}.Release|Any CPU.ActiveCfg = Release|Any CPU
		{8D8DD4A6-C0A5-4298-856C-6D43DD7577EB}.Release|Any CPU.Build.0 = Release|Any CPU
		{36DB4B64-2B1A-410C-BBBB-C31EBA1D4968}.Debug|Any CPU.ActiveCfg = Debug|Any CPU
		{36DB4B64-2B1A-410C-BBBB-C31EBA1D4968}.Debug|Any CPU.Build.0 = Debug|Any CPU
		{36DB4B64-2B1A-410C-BBBB-C31EBA1D4968}.Release|Any CPU.ActiveCfg = Release|Any CPU
		{36DB4B64-2B1A-410C-BBBB-C31EBA1D4968}.Release|Any CPU.Build.0 = Release|Any CPU
		{4AB4A688-8324-4A8D-ABB9-CCC27298FA31}.Debug|Any CPU.ActiveCfg = Debug|Any CPU
		{4AB4A688-8324-4A8D-ABB9-CCC27298FA31}.Debug|Any CPU.Build.0 = Debug|Any CPU
		{4AB4A688-8324-4A8D-ABB9-CCC27298FA31}.Release|Any CPU.ActiveCfg = Release|Any CPU
		{4AB4A688-8324-4A8D-ABB9-CCC27298FA31}.Release|Any CPU.Build.0 = Release|Any CPU
		{8AC538DE-494C-482D-9E2C-67F0FA5211F9}.Debug|Any CPU.ActiveCfg = Debug|Any CPU
		{8AC538DE-494C-482D-9E2C-67F0FA5211F9}.Debug|Any CPU.Build.0 = Debug|Any CPU
		{8AC538DE-494C-482D-9E2C-67F0FA5211F9}.Release|Any CPU.ActiveCfg = Release|Any CPU
		{8AC538DE-494C-482D-9E2C-67F0FA5211F9}.Release|Any CPU.Build.0 = Release|Any CPU
		{5BB60B0B-2571-4C8F-AC06-4A22C3BC2CDE}.Debug|Any CPU.ActiveCfg = Debug|Any CPU
		{5BB60B0B-2571-4C8F-AC06-4A22C3BC2CDE}.Debug|Any CPU.Build.0 = Debug|Any CPU
		{5BB60B0B-2571-4C8F-AC06-4A22C3BC2CDE}.Release|Any CPU.ActiveCfg = Release|Any CPU
		{5BB60B0B-2571-4C8F-AC06-4A22C3BC2CDE}.Release|Any CPU.Build.0 = Release|Any CPU
		{E7F63CFE-3A8A-489C-B81D-73DD5D6FD9AF}.Debug|Any CPU.ActiveCfg = Debug|Any CPU
		{E7F63CFE-3A8A-489C-B81D-73DD5D6FD9AF}.Debug|Any CPU.Build.0 = Debug|Any CPU
		{E7F63CFE-3A8A-489C-B81D-73DD5D6FD9AF}.Release|Any CPU.ActiveCfg = Release|Any CPU
		{E7F63CFE-3A8A-489C-B81D-73DD5D6FD9AF}.Release|Any CPU.Build.0 = Release|Any CPU
		{C54CC2E9-E881-4942-8771-3A08520B56D5}.Debug|Any CPU.ActiveCfg = Debug|Any CPU
		{C54CC2E9-E881-4942-8771-3A08520B56D5}.Debug|Any CPU.Build.0 = Debug|Any CPU
		{C54CC2E9-E881-4942-8771-3A08520B56D5}.Release|Any CPU.ActiveCfg = Release|Any CPU
		{C54CC2E9-E881-4942-8771-3A08520B56D5}.Release|Any CPU.Build.0 = Release|Any CPU
		{C25A6DA7-EE98-4CEA-ACF7-B7CB71B2B73C}.Debug|Any CPU.ActiveCfg = Debug|Any CPU
		{C25A6DA7-EE98-4CEA-ACF7-B7CB71B2B73C}.Debug|Any CPU.Build.0 = Debug|Any CPU
		{C25A6DA7-EE98-4CEA-ACF7-B7CB71B2B73C}.Release|Any CPU.ActiveCfg = Release|Any CPU
		{C25A6DA7-EE98-4CEA-ACF7-B7CB71B2B73C}.Release|Any CPU.Build.0 = Release|Any CPU
		{BCCEEC71-240B-4BE5-A72E-F613444AB4E4}.Debug|Any CPU.ActiveCfg = Debug|Any CPU
		{BCCEEC71-240B-4BE5-A72E-F613444AB4E4}.Debug|Any CPU.Build.0 = Debug|Any CPU
		{BCCEEC71-240B-4BE5-A72E-F613444AB4E4}.Release|Any CPU.ActiveCfg = Release|Any CPU
		{BCCEEC71-240B-4BE5-A72E-F613444AB4E4}.Release|Any CPU.Build.0 = Release|Any CPU
		{F970102E-D446-46E8-9E81-4CCF147B3625}.Debug|Any CPU.ActiveCfg = Debug|Any CPU
		{F970102E-D446-46E8-9E81-4CCF147B3625}.Debug|Any CPU.Build.0 = Debug|Any CPU
		{F970102E-D446-46E8-9E81-4CCF147B3625}.Release|Any CPU.ActiveCfg = Release|Any CPU
		{F970102E-D446-46E8-9E81-4CCF147B3625}.Release|Any CPU.Build.0 = Release|Any CPU
	EndGlobalSection
	GlobalSection(SolutionProperties) = preSolution
		HideSolutionNode = FALSE
	EndGlobalSection
	GlobalSection(NestedProjects) = preSolution
		{8AC538DE-494C-482D-9E2C-67F0FA5211F9} = {B402673F-8502-4632-8855-EB18B4C57D8E}
		{F970102E-D446-46E8-9E81-4CCF147B3625} = {B402673F-8502-4632-8855-EB18B4C57D8E}
	EndGlobalSection
	GlobalSection(ExtensibilityGlobals) = postSolution
		SolutionGuid = {38755867-AF61-45AC-AE52-521402F19E80}
	EndGlobalSection
EndGlobal
