
Microsoft Visual Studio Solution File, Format Version 12.00
# Visual Studio 15
VisualStudioVersion = 15.0.26730.15
MinimumVisualStudioVersion = 10.0.40219.1
Project("{68A6F609-E61D-4B95-B063-DBB124F0F0AC}") = "XSharp.Playground", "source\ToSort\XSharp.Playground\XSharp.Playground.xsproj", "{B2646DF5-B718-4547-8DC0-79F1A240AF58}"
EndProject
Global
	GlobalSection(SolutionConfigurationPlatforms) = preSolution
		Debug|Any CPU = Debug|Any CPU
		Release|Any CPU = Release|Any CPU
	EndGlobalSection
	GlobalSection(ProjectConfigurationPlatforms) = postSolution
		{B2646DF5-B718-4547-8DC0-79F1A240AF58}.Debug|Any CPU.ActiveCfg = Debug|Any CPU
		{B2646DF5-B718-4547-8DC0-79F1A240AF58}.Debug|Any CPU.Build.0 = Debug|Any CPU
		{B2646DF5-B718-4547-8DC0-79F1A240AF58}.Release|Any CPU.ActiveCfg = Release|Any CPU
		{B2646DF5-B718-4547-8DC0-79F1A240AF58}.Release|Any CPU.Build.0 = Release|Any CPU
	EndGlobalSection
	GlobalSection(SolutionProperties) = preSolution
		HideSolutionNode = FALSE
	EndGlobalSection
	GlobalSection(ExtensibilityGlobals) = postSolution
		SolutionGuid = {03CF9A4F-EB94-4E0F-BBE1-567A958CBFBE}
	EndGlobalSection
EndGlobal
